// !$*UTF8*$!
{
	archiveVersion = 1;
	classes = {
	};
	objectVersion = 46;
	objects = {

/* Begin PBXBuildFile section */
		C6DD12711E1CA67E00BF66F9 /* AppDelegate.swift in Sources */ = {isa = PBXBuildFile; fileRef = C6DD12701E1CA67E00BF66F9 /* AppDelegate.swift */; };
		C6DD12731E1CA67E00BF66F9 /* ViewController.swift in Sources */ = {isa = PBXBuildFile; fileRef = C6DD12721E1CA67E00BF66F9 /* ViewController.swift */; };
		C6DD12761E1CA67E00BF66F9 /* Main.storyboard in Resources */ = {isa = PBXBuildFile; fileRef = C6DD12741E1CA67E00BF66F9 /* Main.storyboard */; };
		C6DD12781E1CA67E00BF66F9 /* Assets.xcassets in Resources */ = {isa = PBXBuildFile; fileRef = C6DD12771E1CA67E00BF66F9 /* Assets.xcassets */; };
		C6DD127B1E1CA67E00BF66F9 /* LaunchScreen.storyboard in Resources */ = {isa = PBXBuildFile; fileRef = C6DD12791E1CA67E00BF66F9 /* LaunchScreen.storyboard */; };
		C6DD12831E1CAA3500BF66F9 /* pokemon.csv in Resources */ = {isa = PBXBuildFile; fileRef = C6DD12821E1CAA3500BF66F9 /* pokemon.csv */; };
		C6DD12861E1CAEA500BF66F9 /* Pokemon.swift in Sources */ = {isa = PBXBuildFile; fileRef = C6DD12851E1CAEA500BF66F9 /* Pokemon.swift */; };
		C6DD12891E1CCD0500BF66F9 /* PokeCell.swift in Sources */ = {isa = PBXBuildFile; fileRef = C6DD12881E1CCD0500BF66F9 /* PokeCell.swift */; };
		C6DD128B1E1CDDAE00BF66F9 /* csv.swift in Sources */ = {isa = PBXBuildFile; fileRef = C6DD128A1E1CDDAE00BF66F9 /* csv.swift */; };
/* End PBXBuildFile section */

/* Begin PBXFileReference section */
		C6DD126D1E1CA67D00BF66F9 /* Pokedex.app */ = {isa = PBXFileReference; explicitFileType = wrapper.application; includeInIndex = 0; path = Pokedex.app; sourceTree = BUILT_PRODUCTS_DIR; };
		C6DD12701E1CA67E00BF66F9 /* AppDelegate.swift */ = {isa = PBXFileReference; lastKnownFileType = sourcecode.swift; path = AppDelegate.swift; sourceTree = "<group>"; };
		C6DD12721E1CA67E00BF66F9 /* ViewController.swift */ = {isa = PBXFileReference; lastKnownFileType = sourcecode.swift; path = ViewController.swift; sourceTree = "<group>"; };
		C6DD12751E1CA67E00BF66F9 /* Base */ = {isa = PBXFileReference; lastKnownFileType = file.storyboard; name = Base; path = Base.lproj/Main.storyboard; sourceTree = "<group>"; };
		C6DD12771E1CA67E00BF66F9 /* Assets.xcassets */ = {isa = PBXFileReference; lastKnownFileType = folder.assetcatalog; path = Assets.xcassets; sourceTree = "<group>"; };
		C6DD127A1E1CA67E00BF66F9 /* Base */ = {isa = PBXFileReference; lastKnownFileType = file.storyboard; name = Base; path = Base.lproj/LaunchScreen.storyboard; sourceTree = "<group>"; };
		C6DD127C1E1CA67E00BF66F9 /* Info.plist */ = {isa = PBXFileReference; lastKnownFileType = text.plist.xml; path = Info.plist; sourceTree = "<group>"; };
		C6DD12821E1CAA3500BF66F9 /* pokemon.csv */ = {isa = PBXFileReference; fileEncoding = 4; lastKnownFileType = text; path = pokemon.csv; sourceTree = "<group>"; };
		C6DD12851E1CAEA500BF66F9 /* Pokemon.swift */ = {isa = PBXFileReference; fileEncoding = 4; lastKnownFileType = sourcecode.swift; path = Pokemon.swift; sourceTree = "<group>"; };
		C6DD12881E1CCD0500BF66F9 /* PokeCell.swift */ = {isa = PBXFileReference; fileEncoding = 4; lastKnownFileType = sourcecode.swift; path = PokeCell.swift; sourceTree = "<group>"; };
		C6DD128A1E1CDDAE00BF66F9 /* csv.swift */ = {isa = PBXFileReference; fileEncoding = 4; lastKnownFileType = sourcecode.swift; path = csv.swift; sourceTree = "<group>"; };
/* End PBXFileReference section */

/* Begin PBXFrameworksBuildPhase section */
		C6DD126A1E1CA67D00BF66F9 /* Frameworks */ = {
			isa = PBXFrameworksBuildPhase;
			buildActionMask = 2147483647;
			files = (
			);
			runOnlyForDeploymentPostprocessing = 0;
		};
/* End PBXFrameworksBuildPhase section */

/* Begin PBXGroup section */
		C6DD12641E1CA67D00BF66F9 = {
			isa = PBXGroup;
			children = (
				C6DD126F1E1CA67E00BF66F9 /* Pokedex */,
				C6DD126E1E1CA67D00BF66F9 /* Products */,
			);
			sourceTree = "<group>";
		};
		C6DD126E1E1CA67D00BF66F9 /* Products */ = {
			isa = PBXGroup;
			children = (
				C6DD126D1E1CA67D00BF66F9 /* Pokedex.app */,
			);
			name = Products;
			sourceTree = "<group>";
		};
		C6DD126F1E1CA67E00BF66F9 /* Pokedex */ = {
			isa = PBXGroup;
			children = (
				C6DD12871E1CCCC700BF66F9 /* View */,
				C6DD12841E1CAE8E00BF66F9 /* Model */,
				C6DD12701E1CA67E00BF66F9 /* AppDelegate.swift */,
				C6DD128A1E1CDDAE00BF66F9 /* csv.swift */,
				C6DD12721E1CA67E00BF66F9 /* ViewController.swift */,
				C6DD12741E1CA67E00BF66F9 /* Main.storyboard */,
				C6DD12771E1CA67E00BF66F9 /* Assets.xcassets */,
				C6DD12821E1CAA3500BF66F9 /* pokemon.csv */,
				C6DD12791E1CA67E00BF66F9 /* LaunchScreen.storyboard */,
				C6DD127C1E1CA67E00BF66F9 /* Info.plist */,
			);
			path = Pokedex;
			sourceTree = "<group>";
		};
		C6DD12841E1CAE8E00BF66F9 /* Model */ = {
			isa = PBXGroup;
			children = (
				C6DD12851E1CAEA500BF66F9 /* Pokemon.swift */,
			);
			name = Model;
			sourceTree = "<group>";
		};
		C6DD12871E1CCCC700BF66F9 /* View */ = {
			isa = PBXGroup;
			children = (
				C6DD12881E1CCD0500BF66F9 /* PokeCell.swift */,
			);
			name = View;
			sourceTree = "<group>";
		};
/* End PBXGroup section */

/* Begin PBXNativeTarget section */
		C6DD126C1E1CA67D00BF66F9 /* Pokedex */ = {
			isa = PBXNativeTarget;
			buildConfigurationList = C6DD127F1E1CA67E00BF66F9 /* Build configuration list for PBXNativeTarget "Pokedex" */;
			buildPhases = (
				C6DD12691E1CA67D00BF66F9 /* Sources */,
				C6DD126A1E1CA67D00BF66F9 /* Frameworks */,
				C6DD126B1E1CA67D00BF66F9 /* Resources */,
			);
			buildRules = (
			);
			dependencies = (
			);
			name = Pokedex;
			productName = Pokedex;
			productReference = C6DD126D1E1CA67D00BF66F9 /* Pokedex.app */;
			productType = "com.apple.product-type.application";
		};
/* End PBXNativeTarget section */

/* Begin PBXProject section */
		C6DD12651E1CA67D00BF66F9 /* Project object */ = {
			isa = PBXProject;
			attributes = {
				LastSwiftUpdateCheck = 0820;
				LastUpgradeCheck = 0820;
				ORGANIZATIONNAME = "Hitanshu Bhakta";
				TargetAttributes = {
					C6DD126C1E1CA67D00BF66F9 = {
						CreatedOnToolsVersion = 8.2.1;
						DevelopmentTeam = 99KS3K2VX4;
						LastSwiftMigration = 0820;
						ProvisioningStyle = Automatic;
					};
				};
			};
			buildConfigurationList = C6DD12681E1CA67D00BF66F9 /* Build configuration list for PBXProject "Pokedex" */;
			compatibilityVersion = "Xcode 3.2";
			developmentRegion = English;
			hasScannedForEncodings = 0;
			knownRegions = (
				en,
				Base,
			);
			mainGroup = C6DD12641E1CA67D00BF66F9;
			productRefGroup = C6DD126E1E1CA67D00BF66F9 /* Products */;
			projectDirPath = "";
			projectRoot = "";
			targets = (
				C6DD126C1E1CA67D00BF66F9 /* Pokedex */,
			);
		};
/* End PBXProject section */

/* Begin PBXResourcesBuildPhase section */
		C6DD126B1E1CA67D00BF66F9 /* Resources */ = {
			isa = PBXResourcesBuildPhase;
			buildActionMask = 2147483647;
			files = (
				C6DD127B1E1CA67E00BF66F9 /* LaunchScreen.storyboard in Resources */,
				C6DD12781E1CA67E00BF66F9 /* Assets.xcassets in Resources */,
				C6DD12831E1CAA3500BF66F9 /* pokemon.csv in Resources */,
				C6DD12761E1CA67E00BF66F9 /* Main.storyboard in Resources */,
			);
			runOnlyForDeploymentPostprocessing = 0;
		};
/* End PBXResourcesBuildPhase section */

/* Begin PBXSourcesBuildPhase section */
		C6DD12691E1CA67D00BF66F9 /* Sources */ = {
			isa = PBXSourcesBuildPhase;
			buildActionMask = 2147483647;
			files = (
				C6DD12891E1CCD0500BF66F9 /* PokeCell.swift in Sources */,
				C6DD12731E1CA67E00BF66F9 /* ViewController.swift in Sources */,
				C6DD12711E1CA67E00BF66F9 /* AppDelegate.swift in Sources */,
				C6DD12861E1CAEA500BF66F9 /* Pokemon.swift in Sources */,
				C6DD128B1E1CDDAE00BF66F9 /* csv.swift in Sources */,
			);
			runOnlyForDeploymentPostprocessing = 0;
		};
/* End PBXSourcesBuildPhase section */

/* Begin PBXVariantGroup section */
		C6DD12741E1CA67E00BF66F9 /* Main.storyboard */ = {
			isa = PBXVariantGroup;
			children = (
				C6DD12751E1CA67E00BF66F9 /* Base */,
			);
			name = Main.storyboard;
			sourceTree = "<group>";
		};
		C6DD12791E1CA67E00BF66F9 /* LaunchScreen.storyboard */ = {
			isa = PBXVariantGroup;
			children = (
				C6DD127A1E1CA67E00BF66F9 /* Base */,
			);
			name = LaunchScreen.storyboard;
			sourceTree = "<group>";
		};
/* End PBXVariantGroup section */

/* Begin XCBuildConfiguration section */
		C6DD127D1E1CA67E00BF66F9 /* Debug */ = {
			isa = XCBuildConfiguration;
			buildSettings = {
				ALWAYS_SEARCH_USER_PATHS = NO;
				CLANG_ANALYZER_NONNULL = YES;
				CLANG_CXX_LANGUAGE_STANDARD = "gnu++0x";
				CLANG_CXX_LIBRARY = "libc++";
				CLANG_ENABLE_MODULES = YES;
				CLANG_ENABLE_OBJC_ARC = YES;
				CLANG_WARN_BOOL_CONVERSION = YES;
				CLANG_WARN_CONSTANT_CONVERSION = YES;
				CLANG_WARN_DIRECT_OBJC_ISA_USAGE = YES_ERROR;
				CLANG_WARN_DOCUMENTATION_COMMENTS = YES;
				CLANG_WARN_EMPTY_BODY = YES;
				CLANG_WARN_ENUM_CONVERSION = YES;
				CLANG_WARN_INFINITE_RECURSION = YES;
				CLANG_WARN_INT_CONVERSION = YES;
				CLANG_WARN_OBJC_ROOT_CLASS = YES_ERROR;
				CLANG_WARN_SUSPICIOUS_MOVE = YES;
				CLANG_WARN_UNREACHABLE_CODE = YES;
				CLANG_WARN__DUPLICATE_METHOD_MATCH = YES;
				"CODE_SIGN_IDENTITY[sdk=iphoneos*]" = "iPhone Developer";
				COPY_PHASE_STRIP = NO;
				DEBUG_INFORMATION_FORMAT = dwarf;
				ENABLE_STRICT_OBJC_MSGSEND = YES;
				ENABLE_TESTABILITY = YES;
				GCC_C_LANGUAGE_STANDARD = gnu99;
				GCC_DYNAMIC_NO_PIC = NO;
				GCC_NO_COMMON_BLOCKS = YES;
				GCC_OPTIMIZATION_LEVEL = 0;
				GCC_PREPROCESSOR_DEFINITIONS = (
					"DEBUG=1",
					"$(inherited)",
				);
				GCC_WARN_64_TO_32_BIT_CONVERSION = YES;
				GCC_WARN_ABOUT_RETURN_TYPE = YES_ERROR;
				GCC_WARN_UNDECLARED_SELECTOR = YES;
				GCC_WARN_UNINITIALIZED_AUTOS = YES_AGGRESSIVE;
				GCC_WARN_UNUSED_FUNCTION = YES;
				GCC_WARN_UNUSED_VARIABLE = YES;
				IPHONEOS_DEPLOYMENT_TARGET = 10.2;
				MTL_ENABLE_DEBUG_INFO = YES;
				ONLY_ACTIVE_ARCH = YES;
				SDKROOT = iphoneos;
				SWIFT_ACTIVE_COMPILATION_CONDITIONS = DEBUG;
				SWIFT_OPTIMIZATION_LEVEL = "-Onone";
			};
			name = Debug;
		};
		C6DD127E1E1CA67E00BF66F9 /* Release */ = {
			isa = XCBuildConfiguration;
			buildSettings = {
				ALWAYS_SEARCH_USER_PATHS = NO;
				CLANG_ANALYZER_NONNULL = YES;
				CLANG_CXX_LANGUAGE_STANDARD = "gnu++0x";
				CLANG_CXX_LIBRARY = "libc++";
				CLANG_ENABLE_MODULES = YES;
				CLANG_ENABLE_OBJC_ARC = YES;
				CLANG_WARN_BOOL_CONVERSION = YES;
				CLANG_WARN_CONSTANT_CONVERSION = YES;
				CLANG_WARN_DIRECT_OBJC_ISA_USAGE = YES_ERROR;
				CLANG_WARN_DOCUMENTATION_COMMENTS = YES;
				CLANG_WARN_EMPTY_BODY = YES;
				CLANG_WARN_ENUM_CONVERSION = YES;
				CLANG_WARN_INFINITE_RECURSION = YES;
				CLANG_WARN_INT_CONVERSION = YES;
				CLANG_WARN_OBJC_ROOT_CLASS = YES_ERROR;
				CLANG_WARN_SUSPICIOUS_MOVE = YES;
				CLANG_WARN_UNREACHABLE_CODE = YES;
				CLANG_WARN__DUPLICATE_METHOD_MATCH = YES;
				"CODE_SIGN_IDENTITY[sdk=iphoneos*]" = "iPhone Developer";
				COPY_PHASE_STRIP = NO;
				DEBUG_INFORMATION_FORMAT = "dwarf-with-dsym";
				ENABLE_NS_ASSERTIONS = NO;
				ENABLE_STRICT_OBJC_MSGSEND = YES;
				GCC_C_LANGUAGE_STANDARD = gnu99;
				GCC_NO_COMMON_BLOCKS = YES;
				GCC_WARN_64_TO_32_BIT_CONVERSION = YES;
				GCC_WARN_ABOUT_RETURN_TYPE = YES_ERROR;
				GCC_WARN_UNDECLARED_SELECTOR = YES;
				GCC_WARN_UNINITIALIZED_AUTOS = YES_AGGRESSIVE;
				GCC_WARN_UNUSED_FUNCTION = YES;
				GCC_WARN_UNUSED_VARIABLE = YES;
				IPHONEOS_DEPLOYMENT_TARGET = 10.2;
				MTL_ENABLE_DEBUG_INFO = NO;
				SDKROOT = iphoneos;
				SWIFT_OPTIMIZATION_LEVEL = "-Owholemodule";
				VALIDATE_PRODUCT = YES;
			};
			name = Release;
		};
		C6DD12801E1CA67E00BF66F9 /* Debug */ = {
			isa = XCBuildConfiguration;
			buildSettings = {
				ASSETCATALOG_COMPILER_APPICON_NAME = AppIcon;
				DEVELOPMENT_TEAM = 99KS3K2VX4;
				INFOPLIST_FILE = Pokedex/Info.plist;
				LD_RUNPATH_SEARCH_PATHS = "$(inherited) @executable_path/Frameworks";
				PRODUCT_BUNDLE_IDENTIFIER = com.hitanshubhakta.Pokedex;
				PRODUCT_NAME = "$(TARGET_NAME)";
				SWIFT_VERSION = 3.0;
			};
			name = Debug;
		};
		C6DD12811E1CA67E00BF66F9 /* Release */ = {
			isa = XCBuildConfiguration;
			buildSettings = {
				ASSETCATALOG_COMPILER_APPICON_NAME = AppIcon;
				DEVELOPMENT_TEAM = 99KS3K2VX4;
				INFOPLIST_FILE = Pokedex/Info.plist;
				LD_RUNPATH_SEARCH_PATHS = "$(inherited) @executable_path/Frameworks";
				PRODUCT_BUNDLE_IDENTIFIER = com.hitanshubhakta.Pokedex;
				PRODUCT_NAME = "$(TARGET_NAME)";
				SWIFT_VERSION = 3.0;
			};
			name = Release;
		};
/* End XCBuildConfiguration section */

/* Begin XCConfigurationList section */
		C6DD12681E1CA67D00BF66F9 /* Build configuration list for PBXProject "Pokedex" */ = {
			isa = XCConfigurationList;
			buildConfigurations = (
				C6DD127D1E1CA67E00BF66F9 /* Debug */,
				C6DD127E1E1CA67E00BF66F9 /* Release */,
			);
			defaultConfigurationIsVisible = 0;
			defaultConfigurationName = Release;
		};
		C6DD127F1E1CA67E00BF66F9 /* Build configuration list for PBXNativeTarget "Pokedex" */ = {
			isa = XCConfigurationList;
			buildConfigurations = (
				C6DD12801E1CA67E00BF66F9 /* Debug */,
				C6DD12811E1CA67E00BF66F9 /* Release */,
			);
			defaultConfigurationIsVisible = 0;
		};
/* End XCConfigurationList section */
	};
	rootObject = C6DD12651E1CA67D00BF66F9 /* Project object */;
}
